
Microsoft Visual Studio Solution File, Format Version 12.00
# Visual Studio Version 17
VisualStudioVersion = 17.7.34024.191
MinimumVisualStudioVersion = 10.0.40219.1
Project("{FAE04EC0-301F-11D3-BF4B-00C04F79EFBC}") = "BoneOnus", "BoneOnus.csproj", "{67E23890-E37B-42B0-969E-8F599C8448CA}"
EndProject
Global
	GlobalSection(SolutionConfigurationPlatforms) = preSolution
		Debug|Any CPU = Debug|Any CPU
		Release|Any CPU = Release|Any CPU
	EndGlobalSection
	GlobalSection(ProjectConfigurationPlatforms) = postSolution
		{67E23890-E37B-42B0-969E-8F599C8448CA}.Debug|Any CPU.ActiveCfg = Debug|Any CPU
		{67E23890-E37B-42B0-969E-8F599C8448CA}.Debug|Any CPU.Build.0 = Debug|Any CPU
		{67E23890-E37B-42B0-969E-8F599C8448CA}.Release|Any CPU.ActiveCfg = Release|Any CPU
		{67E23890-E37B-42B0-969E-8F599C8448CA}.Release|Any CPU.Build.0 = Release|Any CPU
	EndGlobalSection
	GlobalSection(SolutionProperties) = preSolution
		HideSolutionNode = FALSE
	EndGlobalSection
	GlobalSection(ExtensibilityGlobals) = postSolution
		SolutionGuid = {F47E6F00-2A11-49A9-BA48-BCFC3961D48B}
	EndGlobalSection
EndGlobal
